
Microsoft Visual Studio Solution File, Format Version 12.00
# Visual Studio 15
VisualStudioVersion = 15.0.27130.2027
MinimumVisualStudioVersion = 10.0.40219.1
Project("{9092AA53-FB77-4645-B42D-1CCCA6BD08BD}") = "GabrielGilMD", "GabrielGilMD\GabrielGilMD.njsproj", "{3BF550C8-5D58-4E69-B9CB-10678F2BAEB4}"
EndProject
Global
	GlobalSection(SolutionConfigurationPlatforms) = preSolution
		Debug|Any CPU = Debug|Any CPU
		Release|Any CPU = Release|Any CPU
	EndGlobalSection
	GlobalSection(ProjectConfigurationPlatforms) = postSolution
		{3BF550C8-5D58-4E69-B9CB-10678F2BAEB4}.Debug|Any CPU.ActiveCfg = Debug|Any CPU
		{3BF550C8-5D58-4E69-B9CB-10678F2BAEB4}.Debug|Any CPU.Build.0 = Debug|Any CPU
		{3BF550C8-5D58-4E69-B9CB-10678F2BAEB4}.Release|Any CPU.ActiveCfg = Release|Any CPU
		{3BF550C8-5D58-4E69-B9CB-10678F2BAEB4}.Release|Any CPU.Build.0 = Release|Any CPU
	EndGlobalSection
	GlobalSection(SolutionProperties) = preSolution
		HideSolutionNode = FALSE
	EndGlobalSection
	GlobalSection(ExtensibilityGlobals) = postSolution
		SolutionGuid = {0283776B-E5D3-4743-9FEC-D6115D897BD3}
	EndGlobalSection
EndGlobal
